
Microsoft Visual Studio Solution File, Format Version 12.00
# Visual Studio Version 17
VisualStudioVersion = 17.5.002.0
MinimumVisualStudioVersion = 10.0.40219.1
Project("{9A19103F-16F7-4668-BE54-9A1E7A4F7556}") = "BlazorHybridApp", "BlazorHybridApp.csproj", "{80804338-3CB9-41F7-81BA-23016B24F14A}"
EndProject
Global
	GlobalSection(SolutionConfigurationPlatforms) = preSolution
		Debug|Any CPU = Debug|Any CPU
		Release|Any CPU = Release|Any CPU
	EndGlobalSection
	GlobalSection(ProjectConfigurationPlatforms) = postSolution
		{80804338-3CB9-41F7-81BA-23016B24F14A}.Debug|Any CPU.ActiveCfg = Debug|Any CPU
		{80804338-3CB9-41F7-81BA-23016B24F14A}.Debug|Any CPU.Build.0 = Debug|Any CPU
		{80804338-3CB9-41F7-81BA-23016B24F14A}.Debug|Any CPU.Deploy.0 = Debug|Any CPU
		{80804338-3CB9-41F7-81BA-23016B24F14A}.Release|Any CPU.ActiveCfg = Release|Any CPU
		{80804338-3CB9-41F7-81BA-23016B24F14A}.Release|Any CPU.Build.0 = Release|Any CPU
	EndGlobalSection
	GlobalSection(SolutionProperties) = preSolution
		HideSolutionNode = FALSE
	EndGlobalSection
	GlobalSection(ExtensibilityGlobals) = postSolution
		SolutionGuid = {C4CB83BA-9A87-4BA6-A844-55719C21C04C}
	EndGlobalSection
EndGlobal
